
Microsoft Visual Studio Solution File, Format Version 12.00
# Visual Studio Version 17
VisualStudioVersion = 17.6.33801.468
MinimumVisualStudioVersion = 10.0.40219.1
Project("{FAE04EC0-301F-11D3-BF4B-00C04F79EFBC}") = "CongestionTaxCalc", "CongestionTaxCalc\CongestionTaxCalc.csproj", "{C96C659B-B3A6-4BB4-BEC7-4982C5EB284C}"
EndProject
Project("{2150E333-8FDC-42A3-9474-1A3956D46DE8}") = "Solution Items", "Solution Items", "{EF776356-59C6-493C-890F-FB1C17AA4FAA}"
EndProject
Project("{9A19103F-16F7-4668-BE54-9A1E7A4F7556}") = "congestion-tax-calculator-net-core", "..\netcore\congestion-tax-calculator-net-core.csproj", "{872AA0D4-742C-48FB-ABD2-7BBEAE4F3529}"
EndProject
Global
	GlobalSection(SolutionConfigurationPlatforms) = preSolution
		Debug|Any CPU = Debug|Any CPU
		Release|Any CPU = Release|Any CPU
	EndGlobalSection
	GlobalSection(ProjectConfigurationPlatforms) = postSolution
		{C96C659B-B3A6-4BB4-BEC7-4982C5EB284C}.Debug|Any CPU.ActiveCfg = Debug|Any CPU
		{C96C659B-B3A6-4BB4-BEC7-4982C5EB284C}.Debug|Any CPU.Build.0 = Debug|Any CPU
		{C96C659B-B3A6-4BB4-BEC7-4982C5EB284C}.Release|Any CPU.ActiveCfg = Release|Any CPU
		{C96C659B-B3A6-4BB4-BEC7-4982C5EB284C}.Release|Any CPU.Build.0 = Release|Any CPU
		{872AA0D4-742C-48FB-ABD2-7BBEAE4F3529}.Debug|Any CPU.ActiveCfg = Debug|Any CPU
		{872AA0D4-742C-48FB-ABD2-7BBEAE4F3529}.Debug|Any CPU.Build.0 = Debug|Any CPU
		{872AA0D4-742C-48FB-ABD2-7BBEAE4F3529}.Release|Any CPU.ActiveCfg = Release|Any CPU
		{872AA0D4-742C-48FB-ABD2-7BBEAE4F3529}.Release|Any CPU.Build.0 = Release|Any CPU
	EndGlobalSection
	GlobalSection(SolutionProperties) = preSolution
		HideSolutionNode = FALSE
	EndGlobalSection
	GlobalSection(ExtensibilityGlobals) = postSolution
		SolutionGuid = {7EC269FB-E068-46EA-A761-1ED8959FB158}
	EndGlobalSection
EndGlobal
